# THIS IS AN AUTOGENERATED FILE. DO NOT EDIT THIS FILE DIRECTLY.
# yarn lockfile v1


ansicolors@~0.2.1:
  version "0.2.1"
  resolved "https://registry.yarnpkg.com/ansicolors/-/ansicolors-0.2.1.tgz#be089599097b74a5c9c4a84a0cdbcdb62bd87aef"

async@^2.6.0:
  version "2.6.0"
  resolved "https://registry.yarnpkg.com/async/-/async-2.6.0.tgz#61a29abb6fcc026fea77e56d1c6ec53a795951f4"
  dependencies:
    lodash "^4.14.0"

bootstrap@4.0.0:
  version "4.0.0"
  resolved "https://registry.yarnpkg.com/bootstrap/-/bootstrap-4.0.0.tgz#ceb03842c145fcc1b9b4e15da2a05656ba68469a"

cardinal@^1.0.0:
  version "1.0.0"
  resolved "https://registry.yarnpkg.com/cardinal/-/cardinal-1.0.0.tgz#50e21c1b0aa37729f9377def196b5a9cec932ee9"
  dependencies:
    ansicolors "~0.2.1"
    redeyed "~1.0.0"

classlist-polyfill@1.2.0:
  version "1.2.0"
  resolved "https://registry.yarnpkg.com/classlist-polyfill/-/classlist-polyfill-1.2.0.tgz#935bc2dfd9458a876b279617514638bcaa964a2e"

csv-parse@^2.0.0:
  version "2.0.4"
  resolved "https://registry.yarnpkg.com/csv-parse/-/csv-parse-2.0.4.tgz#5b469596766ee07f2cbd71aced7ae76b3c73c901"

deep-clone-simple@1.1.1:
  version "1.1.1"
  resolved "https://registry.yarnpkg.com/deep-clone-simple/-/deep-clone-simple-1.1.1.tgz#0ec358dfcce062928dbf58f0dfa484b4b5425d59"

domify@1.4.0:
  version "1.4.0"
  resolved "https://registry.yarnpkg.com/domify/-/domify-1.4.0.tgz#11483617f764f8695975b4bdc79b14f0803b629b"

es6-object-assign@1.1.0:
  version "1.1.0"
  resolved "https://registry.yarnpkg.com/es6-object-assign/-/es6-object-assign-1.1.0.tgz#c2c3582656247c39ea107cb1e6652b6f9f24523c"

esprima@~3.0.0:
  version "3.0.0"
  resolved "https://registry.yarnpkg.com/esprima/-/esprima-3.0.0.tgz#53cf247acda77313e551c3aa2e73342d3fb4f7d9"

form-serialize@0.7.1:
  version "0.7.1"
  resolved "https://registry.yarnpkg.com/form-serialize/-/form-serialize-0.7.1.tgz#48f74e37d041de4f7d140dd2c54b37fff8d2e843"

humanize@^0.0.9:
  version "0.0.9"
  resolved "https://registry.yarnpkg.com/humanize/-/humanize-0.0.9.tgz#1994ffaecdfe9c441ed2bdac7452b7bb4c9e41a4"

jquery-validation-unobtrusive@3.2.6:
  version "3.2.6"
  resolved "https://registry.yarnpkg.com/jquery-validation-unobtrusive/-/jquery-validation-unobtrusive-3.2.6.tgz#0f8767c5462e30b4a5743d12461e8057da7572e5"
  dependencies:
    jquery ">=1.8"
    jquery-validation ">=1.8"

jquery-validation@1.14.0, jquery-validation@>=1.8:
  version "1.14.0"
  resolved "https://registry.yarnpkg.com/jquery-validation/-/jquery-validation-1.14.0.tgz#b8c04c9da19292fc33e2dc059b624c593715b23a"

jquery@2.2.0, jquery@>=1.12.0, jquery@>=1.7, jquery@>=1.8:
  version "2.2.0"
  resolved "https://registry.yarnpkg.com/jquery/-/jquery-2.2.0.tgz#d0e84ebbf199da51bf7ec39307f19b35754e9cba"

lodash@^4.14.0:
  version "4.17.5"
  resolved "https://registry.yarnpkg.com/lodash/-/lodash-4.17.5.tgz#99a92d65c0272debe8c96b6057bc8fbfa3bed511"

microplugin@0.0.3:
  version "0.0.3"
  resolved "https://registry.yarnpkg.com/microplugin/-/microplugin-0.0.3.tgz#1fc2e1bb7c9e19e82bd84bba9137bbe71250d8cd"

minimist@~0.0.1:
  version "0.0.10"
  resolved "https://registry.yarnpkg.com/minimist/-/minimist-0.0.10.tgz#de3f98543dbf96082be48ad1a0c7cda836301dcf"

optimist@^0.6.1:
  version "0.6.1"
  resolved "https://registry.yarnpkg.com/optimist/-/optimist-0.6.1.tgz#da3ea74686fa21a19a111c326e90eb15a0196686"
  dependencies:
    minimist "~0.0.1"
    wordwrap "~0.0.2"

redeyed@~1.0.0:
  version "1.0.1"
  resolved "https://registry.yarnpkg.com/redeyed/-/redeyed-1.0.1.tgz#e96c193b40c0816b00aec842698e61185e55498a"
  dependencies:
    esprima "~3.0.0"

selectize@v0.12.4:
  version "0.12.4"
  resolved "https://registry.yarnpkg.com/selectize/-/selectize-0.12.4.tgz#50c697526b609dea11da153cf7252b98948f4c0e"
  dependencies:
    microplugin "0.0.3"
    sifter "^0.5.1"

sifter@^0.5.1:
  version "0.5.3"
  resolved "https://registry.yarnpkg.com/sifter/-/sifter-0.5.3.tgz#5e6507fe8c114b2b28d90b6bf4e5b636e611e48b"
  dependencies:
    async "^2.6.0"
    cardinal "^1.0.0"
    csv-parse "^2.0.0"
    humanize "^0.0.9"
    optimist "^0.6.1"

toastr@2.1.4:
  version "2.1.4"
  resolved "https://registry.yarnpkg.com/toastr/-/toastr-2.1.4.tgz#8b43be64fb9d0c414871446f2db8e8ca4e95f181"
  dependencies:
    jquery ">=1.12.0"

tooltipster@4.2.5:
  version "4.2.5"
  resolved "https://registry.yarnpkg.com/tooltipster/-/tooltipster-4.2.5.tgz#e492fc3984576418f8c18b1aaee1456c1bd8b0a9"

typeahead.js@v0.11.1:
  version "0.11.1"
  resolved "https://registry.yarnpkg.com/typeahead.js/-/typeahead.js-0.11.1.tgz#4e64e671b22310a8606f4aec805924ba84b015b8"
  dependencies:
    jquery ">=1.7"

vex-dialog@1.1.0:
  version "1.1.0"
  resolved "https://registry.yarnpkg.com/vex-dialog/-/vex-dialog-1.1.0.tgz#8a2b57b709268da5e935c854ce9541a570421e2e"
  dependencies:
    deep-clone-simple "1.1.1"
    domify "1.4.0"
    form-serialize "0.7.1"

vex-js@v4.1.0:
  version "4.1.0"
  resolved "https://registry.yarnpkg.com/vex-js/-/vex-js-4.1.0.tgz#88c996c7a0003fe1c6f972096244b55fdf45890b"
  dependencies:
    classlist-polyfill "1.2.0"
    domify "1.4.0"
    es6-object-assign "1.1.0"
    vex-dialog "1.1.0"

wordwrap@~0.0.2:
  version "0.0.3"
  resolved "https://registry.yarnpkg.com/wordwrap/-/wordwrap-0.0.3.tgz#a3d5da6cd5c0bc0008d37234bbaf1bed63059107"
