
Microsoft Visual Studio Solution File, Format Version 12.00
# Visual Studio Version 16
VisualStudioVersion = 16.0.29926.136
MinimumVisualStudioVersion = 10.0.40219.1
Project("{2150E333-8FDC-42A3-9474-1A3956D46DE8}") = "Services", "Services", "{B572CDB8-B4FB-47C3-80EC-6D701B8E54AF}"
EndProject
Project("{2150E333-8FDC-42A3-9474-1A3956D46DE8}") = "Libraries", "Libraries", "{4FE72080-2FDD-4857-8B49-02976DE7498B}"
EndProject
Project("{9A19103F-16F7-4668-BE54-9A1E7A4F7556}") = "MapDbContextLib", "..\MillimanAccessPortal\MapDbContextLib\MapDbContextLib.csproj", "{038A40A4-CEB4-4F47-B955-762F29BF5843}"
EndProject
Project("{9A19103F-16F7-4668-BE54-9A1E7A4F7556}") = "AuditLogLib", "..\MillimanAccessPortal\AuditLogLib\AuditLogLib.csproj", "{89E0F008-3136-4AB9-AA55-479D833134FF}"
EndProject
Project("{9A19103F-16F7-4668-BE54-9A1E7A4F7556}") = "MapCommonLib", "..\MillimanAccessPortal\MapCommonLib\MapCommonLib.csproj", "{8A193E32-0813-4C3B-8C2F-648B6116EC63}"
EndProject
Project("{9A19103F-16F7-4668-BE54-9A1E7A4F7556}") = "TestResourcesLib", "..\MillimanAccessPortal\TestResourcesLib\TestResourcesLib.csproj", "{89C79317-CCA1-456F-B7C7-0E20D3C3CCE3}"
EndProject
Project("{9A19103F-16F7-4668-BE54-9A1E7A4F7556}") = "ContentPublishingServiceTests", "ContentPublishingServiceTests\ContentPublishingServiceTests.csproj", "{67DB6237-A665-4B64-A0C0-CCF06E4B43FD}"
	ProjectSection(ProjectDependencies) = postProject
		{C9E25BDC-E5BD-4499-8A16-6D251B6C0558} = {C9E25BDC-E5BD-4499-8A16-6D251B6C0558}
	EndProjectSection
EndProject
Project("{9A19103F-16F7-4668-BE54-9A1E7A4F7556}") = "QlikviewLib", "..\MillimanAccessPortal\QlikviewLib\QlikviewLib.csproj", "{1537CF56-1592-4C02-8E65-EC3467F4F0EC}"
EndProject
Project("{9A19103F-16F7-4668-BE54-9A1E7A4F7556}") = "ContentPublishingLib", "ContentPublishingLib\ContentPublishingLib.csproj", "{C9E25BDC-E5BD-4499-8A16-6D251B6C0558}"
EndProject
Project("{9A19103F-16F7-4668-BE54-9A1E7A4F7556}") = "PowerBILib", "..\MillimanAccessPortal\PowerBILib\PowerBILib.csproj", "{B107C47E-870D-4EF7-94BE-A0A4D5DA66A6}"
EndProject
Project("{9A19103F-16F7-4668-BE54-9A1E7A4F7556}") = "ContentPublishingService", "ContentPublishingService\ContentPublishingService.csproj", "{190E187E-28ED-4D3A-98D1-17F25B861FB8}"
EndProject
Global
	GlobalSection(SolutionConfigurationPlatforms) = preSolution
		Debug|Any CPU = Debug|Any CPU
		Release|Any CPU = Release|Any CPU
	EndGlobalSection
	GlobalSection(ProjectConfigurationPlatforms) = postSolution
		{038A40A4-CEB4-4F47-B955-762F29BF5843}.Debug|Any CPU.ActiveCfg = Debug|Any CPU
		{038A40A4-CEB4-4F47-B955-762F29BF5843}.Debug|Any CPU.Build.0 = Debug|Any CPU
		{038A40A4-CEB4-4F47-B955-762F29BF5843}.Release|Any CPU.ActiveCfg = Release|Any CPU
		{038A40A4-CEB4-4F47-B955-762F29BF5843}.Release|Any CPU.Build.0 = Release|Any CPU
		{89E0F008-3136-4AB9-AA55-479D833134FF}.Debug|Any CPU.ActiveCfg = Debug|Any CPU
		{89E0F008-3136-4AB9-AA55-479D833134FF}.Debug|Any CPU.Build.0 = Debug|Any CPU
		{89E0F008-3136-4AB9-AA55-479D833134FF}.Release|Any CPU.ActiveCfg = Release|Any CPU
		{89E0F008-3136-4AB9-AA55-479D833134FF}.Release|Any CPU.Build.0 = Release|Any CPU
		{8A193E32-0813-4C3B-8C2F-648B6116EC63}.Debug|Any CPU.ActiveCfg = Debug|Any CPU
		{8A193E32-0813-4C3B-8C2F-648B6116EC63}.Debug|Any CPU.Build.0 = Debug|Any CPU
		{8A193E32-0813-4C3B-8C2F-648B6116EC63}.Release|Any CPU.ActiveCfg = Release|Any CPU
		{8A193E32-0813-4C3B-8C2F-648B6116EC63}.Release|Any CPU.Build.0 = Release|Any CPU
		{89C79317-CCA1-456F-B7C7-0E20D3C3CCE3}.Debug|Any CPU.ActiveCfg = Debug|Any CPU
		{89C79317-CCA1-456F-B7C7-0E20D3C3CCE3}.Debug|Any CPU.Build.0 = Debug|Any CPU
		{89C79317-CCA1-456F-B7C7-0E20D3C3CCE3}.Release|Any CPU.ActiveCfg = Release|Any CPU
		{89C79317-CCA1-456F-B7C7-0E20D3C3CCE3}.Release|Any CPU.Build.0 = Release|Any CPU
		{67DB6237-A665-4B64-A0C0-CCF06E4B43FD}.Debug|Any CPU.ActiveCfg = Debug|Any CPU
		{67DB6237-A665-4B64-A0C0-CCF06E4B43FD}.Debug|Any CPU.Build.0 = Debug|Any CPU
		{67DB6237-A665-4B64-A0C0-CCF06E4B43FD}.Release|Any CPU.ActiveCfg = Release|Any CPU
		{67DB6237-A665-4B64-A0C0-CCF06E4B43FD}.Release|Any CPU.Build.0 = Release|Any CPU
		{1537CF56-1592-4C02-8E65-EC3467F4F0EC}.Debug|Any CPU.ActiveCfg = Debug|Any CPU
		{1537CF56-1592-4C02-8E65-EC3467F4F0EC}.Debug|Any CPU.Build.0 = Debug|Any CPU
		{1537CF56-1592-4C02-8E65-EC3467F4F0EC}.Release|Any CPU.ActiveCfg = Release|Any CPU
		{1537CF56-1592-4C02-8E65-EC3467F4F0EC}.Release|Any CPU.Build.0 = Release|Any CPU
		{C9E25BDC-E5BD-4499-8A16-6D251B6C0558}.Debug|Any CPU.ActiveCfg = Debug|Any CPU
		{C9E25BDC-E5BD-4499-8A16-6D251B6C0558}.Debug|Any CPU.Build.0 = Debug|Any CPU
		{C9E25BDC-E5BD-4499-8A16-6D251B6C0558}.Release|Any CPU.ActiveCfg = Release|Any CPU
		{C9E25BDC-E5BD-4499-8A16-6D251B6C0558}.Release|Any CPU.Build.0 = Release|Any CPU
		{B107C47E-870D-4EF7-94BE-A0A4D5DA66A6}.Debug|Any CPU.ActiveCfg = Debug|Any CPU
		{B107C47E-870D-4EF7-94BE-A0A4D5DA66A6}.Debug|Any CPU.Build.0 = Debug|Any CPU
		{B107C47E-870D-4EF7-94BE-A0A4D5DA66A6}.Release|Any CPU.ActiveCfg = Release|Any CPU
		{B107C47E-870D-4EF7-94BE-A0A4D5DA66A6}.Release|Any CPU.Build.0 = Release|Any CPU
		{190E187E-28ED-4D3A-98D1-17F25B861FB8}.Debug|Any CPU.ActiveCfg = Debug|Any CPU
		{190E187E-28ED-4D3A-98D1-17F25B861FB8}.Debug|Any CPU.Build.0 = Debug|Any CPU
		{190E187E-28ED-4D3A-98D1-17F25B861FB8}.Release|Any CPU.ActiveCfg = Release|Any CPU
		{190E187E-28ED-4D3A-98D1-17F25B861FB8}.Release|Any CPU.Build.0 = Release|Any CPU
	EndGlobalSection
	GlobalSection(SolutionProperties) = preSolution
		HideSolutionNode = FALSE
	EndGlobalSection
	GlobalSection(NestedProjects) = preSolution
		{038A40A4-CEB4-4F47-B955-762F29BF5843} = {4FE72080-2FDD-4857-8B49-02976DE7498B}
		{89E0F008-3136-4AB9-AA55-479D833134FF} = {4FE72080-2FDD-4857-8B49-02976DE7498B}
		{8A193E32-0813-4C3B-8C2F-648B6116EC63} = {4FE72080-2FDD-4857-8B49-02976DE7498B}
		{89C79317-CCA1-456F-B7C7-0E20D3C3CCE3} = {4FE72080-2FDD-4857-8B49-02976DE7498B}
		{67DB6237-A665-4B64-A0C0-CCF06E4B43FD} = {4FE72080-2FDD-4857-8B49-02976DE7498B}
		{1537CF56-1592-4C02-8E65-EC3467F4F0EC} = {4FE72080-2FDD-4857-8B49-02976DE7498B}
		{C9E25BDC-E5BD-4499-8A16-6D251B6C0558} = {4FE72080-2FDD-4857-8B49-02976DE7498B}
		{B107C47E-870D-4EF7-94BE-A0A4D5DA66A6} = {4FE72080-2FDD-4857-8B49-02976DE7498B}
		{190E187E-28ED-4D3A-98D1-17F25B861FB8} = {B572CDB8-B4FB-47C3-80EC-6D701B8E54AF}
	EndGlobalSection
	GlobalSection(ExtensibilityGlobals) = postSolution
		SolutionGuid = {1035EE4B-49AC-4059-B136-CA35FD52A8AE}
	EndGlobalSection
EndGlobal
